
Microsoft Visual Studio Solution File, Format Version 12.00
# Visual Studio Version 17
VisualStudioVersion = 17.10.35122.118
MinimumVisualStudioVersion = 10.0.40219.1
Project("{9A19103F-16F7-4668-BE54-9A1E7A4F7556}") = "WildberriesStocksManager", "WildberriesStocksManager\WildberriesStocksManager.csproj", "{D5F7DED2-EAC1-464E-B764-0FC33F697142}"
EndProject
Project("{2150E333-8FDC-42A3-9474-1A3956D46DE8}") = "src", "src", "{E8878ADA-F958-4FB2-956C-9CE465ABC3DD}"
EndProject
Global
	GlobalSection(SolutionConfigurationPlatforms) = preSolution
		Debug|Any CPU = Debug|Any CPU
		Release|Any CPU = Release|Any CPU
	EndGlobalSection
	GlobalSection(ProjectConfigurationPlatforms) = postSolution
		{D5F7DED2-EAC1-464E-B764-0FC33F697142}.Debug|Any CPU.ActiveCfg = Debug|Any CPU
		{D5F7DED2-EAC1-464E-B764-0FC33F697142}.Debug|Any CPU.Build.0 = Debug|Any CPU
		{D5F7DED2-EAC1-464E-B764-0FC33F697142}.Release|Any CPU.ActiveCfg = Release|Any CPU
		{D5F7DED2-EAC1-464E-B764-0FC33F697142}.Release|Any CPU.Build.0 = Release|Any CPU
	EndGlobalSection
	GlobalSection(SolutionProperties) = preSolution
		HideSolutionNode = FALSE
	EndGlobalSection
	GlobalSection(NestedProjects) = preSolution
		{D5F7DED2-EAC1-464E-B764-0FC33F697142} = {E8878ADA-F958-4FB2-956C-9CE465ABC3DD}
	EndGlobalSection
	GlobalSection(ExtensibilityGlobals) = postSolution
		SolutionGuid = {5FF3CEB4-049C-43F9-8253-C0B642DC2CA7}
	EndGlobalSection
EndGlobal
